PODS:
  - AFNetworking (2.5.1):
    - AFNetworking/NSURLConnection (= 2.5.1)
    - AFNetworking/NSURLSession (= 2.5.1)
    - AFNetworking/Reachability (= 2.5.1)
    - AFNetworking/Security (= 2.5.1)
    - AFNetworking/Serialization (= 2.5.1)
    - AFNetworking/UIKit (= 2.5.1)
  - AFNetworking/NSURLConnection (2.5.1):
    - AFNetworking/Reachability
    - AFNetworking/Security
    - AFNetworking/Serialization
  - AFNetworking/NSURLSession (2.5.1):
    - AFNetworking/Reachability
    - AFNetworking/Security
    - AFNetworking/Serialization
  - AFNetworking/Reachability (2.5.1)
  - AFNetworking/Security (2.5.1)
  - AFNetworking/Serialization (2.5.1)
  - AFNetworking/UIKit (2.5.1):
    - AFNetworking/NSURLConnection
    - AFNetworking/NSURLSession
  - Bolts (1.1.4)
  - ChameleonFramework (1.1.2)
  - JSQMessagesViewController (7.0.0):
    - JSQSystemSoundPlayer (~> 2.0.1)
  - JSQSystemSoundPlayer (2.0.1)
  - KNSemiModalViewController (0.3)
  - Parse (1.6.5):
    - Bolts (~> 1.1)
  - pop (1.0.7)
  - RateView (1.1)
  - Shimmer (1.0.2)
  - StarRatingView (1.0.0)
  - SVProgressHUD (1.1.2)
  - SWTableViewCell (0.3.7)
  - THCalendarDatePicker (1.0.0):
    - KNSemiModalViewController (~> 0.3)
  - ZFDragableModalTransition (0.4)

DEPENDENCIES:
  - AFNetworking
  - ChameleonFramework
  - JSQMessagesViewController
  - Parse
  - Pop
  - RateView
  - Shimmer (~> 1.0)
  - StarRatingView
  - SVProgressHUD (~> 1.1)
  - SWTableViewCell (~> 0.3.7)
  - THCalendarDatePicker (~> 1.0.0)
  - ZFDragableModalTransition

SPEC CHECKSUMS:
  AFNetworking: 8bee59492a6ff15d69130efa4d0dc67e0094a52a
  Bolts: dd9fb8433d67f5acc3b6b4d1379bbc5513d716c1
  ChameleonFramework: 5d34a29b6db60594a9998f6dfdffa8ac5f05979a
  JSQMessagesViewController: 9fd7e9ac96e9fc91f2deca86928e2cc916aeebaa
  JSQSystemSoundPlayer: 55528c699a283aae2220d3ae7b8b527d2ecef4b4
  KNSemiModalViewController: 6fb1e2f6a4d84238b524cb705e91118b0fa6bbc9
  Parse: a21db4037d70a68a4ec64ecc0f327ed475cc14f8
  pop: 2f14a1ea61339767af9e66741b418c831b3844df
  RateView: 4142c146bd42fe7715adc3365fa2ffd71ff327e0
  Shimmer: 057fcfe9c1c978d69d50b64fce93a61080cd08ec
  StarRatingView: c3e81fe39e1fdd5a11d3bee4ccbf7fadf8491107
  SVProgressHUD: da7a49e789af645d9279ffbca62318945a832438
  SWTableViewCell: 25de71898e3fcd11cf75707ef90245acf990ec03
  THCalendarDatePicker: c482d4f630262bae6fe88113d0298f54bad1fd9d
  ZFDragableModalTransition: 7d62a412b7b72ad37b7b04cdfed53b31d684a15b

COCOAPODS: 0.36.0.rc.1
