// !$*UTF8*$!
{
	archiveVersion = 1;
	classes = {
	};
	objectVersion = 46;
	objects = {

/* Begin PBXBuildFile section */
		315B0B641AA85F0F004428BE /* ParseClient.m in Sources */ = {isa = PBXBuildFile; fileRef = 315B0B631AA85F0F004428BE /* ParseClient.m */; };
		315B0B671AA86047004428BE /* QueryFilter.m in Sources */ = {isa = PBXBuildFile; fileRef = 315B0B661AA86047004428BE /* QueryFilter.m */; };
		315B0B6A1AA86055004428BE /* QuerySortOption.m in Sources */ = {isa = PBXBuildFile; fileRef = 315B0B691AA86055004428BE /* QuerySortOption.m */; };
		315B0B6C1AA863F6004428BE /* Secrets.plist in Resources */ = {isa = PBXBuildFile; fileRef = 315B0B6B1AA863F6004428BE /* Secrets.plist */; };
		315B0B6F1AA86C73004428BE /* DBModel.m in Sources */ = {isa = PBXBuildFile; fileRef = 315B0B6E1AA86C73004428BE /* DBModel.m */; };
		315B0B721AA86C94004428BE /* User.m in Sources */ = {isa = PBXBuildFile; fileRef = 315B0B711AA86C94004428BE /* User.m */; };
		315B0B751AA86CA6004428BE /* Job.m in Sources */ = {isa = PBXBuildFile; fileRef = 315B0B741AA86CA6004428BE /* Job.m */; };
		315B0B7A1AA86CD4004428BE /* ConversationThread.m in Sources */ = {isa = PBXBuildFile; fileRef = 315B0B791AA86CD4004428BE /* ConversationThread.m */; };
		315B0B7D1AA86CE3004428BE /* Message.m in Sources */ = {isa = PBXBuildFile; fileRef = 315B0B7C1AA86CE3004428BE /* Message.m */; };
		315B0B801AA86CF8004428BE /* Asset.m in Sources */ = {isa = PBXBuildFile; fileRef = 315B0B7F1AA86CF8004428BE /* Asset.m */; };
		315B0B821AA87B51004428BE /* .gitignore in Resources */ = {isa = PBXBuildFile; fileRef = 315B0B811AA87B51004428BE /* .gitignore */; };
		567E0ABE1AA832E700C5C10B /* main.m in Sources */ = {isa = PBXBuildFile; fileRef = 567E0ABD1AA832E700C5C10B /* main.m */; };
		567E0AC11AA832E700C5C10B /* AppDelegate.m in Sources */ = {isa = PBXBuildFile; fileRef = 567E0AC01AA832E700C5C10B /* AppDelegate.m */; };
		567E0AC91AA832E700C5C10B /* Images.xcassets in Resources */ = {isa = PBXBuildFile; fileRef = 567E0AC81AA832E700C5C10B /* Images.xcassets */; };
		567E0ACC1AA832E700C5C10B /* LaunchScreen.xib in Resources */ = {isa = PBXBuildFile; fileRef = 567E0ACA1AA832E700C5C10B /* LaunchScreen.xib */; };
		567E0AD81AA832E700C5C10B /* BridgeAppTests.m in Sources */ = {isa = PBXBuildFile; fileRef = 567E0AD71AA832E700C5C10B /* BridgeAppTests.m */; };
		56C2219F1AA9925900E6B55A /* CategoryCell.m in Sources */ = {isa = PBXBuildFile; fileRef = 56C221911AA9925900E6B55A /* CategoryCell.m */; };
		56C221A01AA9925900E6B55A /* CategoryCell.xib in Resources */ = {isa = PBXBuildFile; fileRef = 56C221921AA9925900E6B55A /* CategoryCell.xib */; };
		56C221A11AA9925900E6B55A /* CreateJobScene1ViewController.m in Sources */ = {isa = PBXBuildFile; fileRef = 56C221941AA9925900E6B55A /* CreateJobScene1ViewController.m */; };
		56C221A21AA9925900E6B55A /* CreateJobScene1ViewController.xib in Resources */ = {isa = PBXBuildFile; fileRef = 56C221951AA9925900E6B55A /* CreateJobScene1ViewController.xib */; };
		56C221A31AA9925900E6B55A /* CreateJobScene2ViewController.m in Sources */ = {isa = PBXBuildFile; fileRef = 56C221971AA9925900E6B55A /* CreateJobScene2ViewController.m */; };
		56C221A41AA9925900E6B55A /* CreateJobScene2ViewController.xib in Resources */ = {isa = PBXBuildFile; fileRef = 56C221981AA9925900E6B55A /* CreateJobScene2ViewController.xib */; };
		56C221A51AA9925900E6B55A /* TextViewController.m in Sources */ = {isa = PBXBuildFile; fileRef = 56C2219A1AA9925900E6B55A /* TextViewController.m */; };
		56C221A61AA9925900E6B55A /* TextViewController.xib in Resources */ = {isa = PBXBuildFile; fileRef = 56C2219B1AA9925900E6B55A /* TextViewController.xib */; };
		56C221A71AA9925900E6B55A /* TitleSubtitleCell.m in Sources */ = {isa = PBXBuildFile; fileRef = 56C2219D1AA9925900E6B55A /* TitleSubtitleCell.m */; };
		56C221A81AA9925900E6B55A /* TitleSubtitleCell.xib in Resources */ = {isa = PBXBuildFile; fileRef = 56C2219E1AA9925900E6B55A /* TitleSubtitleCell.xib */; };
		A8B5D6D690C660C75298EDAD /* libPods.a in Frameworks */ = {isa = PBXBuildFile; fileRef = 2A3025BFD0A723ABB56918A9 /* libPods.a */; };
/* End PBXBuildFile section */

/* Begin PBXContainerItemProxy section */
		567E0AD21AA832E700C5C10B /* PBXContainerItemProxy */ = {
			isa = PBXContainerItemProxy;
			containerPortal = 567E0AB01AA832E700C5C10B /* Project object */;
			proxyType = 1;
			remoteGlobalIDString = 567E0AB71AA832E700C5C10B;
			remoteInfo = BridgeApp;
		};
/* End PBXContainerItemProxy section */

/* Begin PBXFileReference section */
		049C0555B31B986263BA42D6 /* Pods.debug.xcconfig */ = {isa = PBXFileReference; includeInIndex = 1; lastKnownFileType = text.xcconfig; name = Pods.debug.xcconfig; path = "Pods/Target Support Files/Pods/Pods.debug.xcconfig"; sourceTree = "<group>"; };
		0785315DDCC97639B4E7DB26 /* Pods.release.xcconfig */ = {isa = PBXFileReference; includeInIndex = 1; lastKnownFileType = text.xcconfig; name = Pods.release.xcconfig; path = "Pods/Target Support Files/Pods/Pods.release.xcconfig"; sourceTree = "<group>"; };
		2A3025BFD0A723ABB56918A9 /* libPods.a */ = {isa = PBXFileReference; explicitFileType = archive.ar; includeInIndex = 0; path = libPods.a; sourceTree = BUILT_PRODUCTS_DIR; };
		315B0B621AA85F0F004428BE /* ParseClient.h */ = {isa = PBXFileReference; fileEncoding = 4; lastKnownFileType = sourcecode.c.h; path = ParseClient.h; sourceTree = "<group>"; };
		315B0B631AA85F0F004428BE /* ParseClient.m */ = {isa = PBXFileReference; fileEncoding = 4; lastKnownFileType = sourcecode.c.objc; path = ParseClient.m; sourceTree = "<group>"; };
		315B0B651AA86047004428BE /* QueryFilter.h */ = {isa = PBXFileReference; fileEncoding = 4; lastKnownFileType = sourcecode.c.h; path = QueryFilter.h; sourceTree = "<group>"; };
		315B0B661AA86047004428BE /* QueryFilter.m */ = {isa = PBXFileReference; fileEncoding = 4; lastKnownFileType = sourcecode.c.objc; path = QueryFilter.m; sourceTree = "<group>"; };
		315B0B681AA86055004428BE /* QuerySortOption.h */ = {isa = PBXFileReference; fileEncoding = 4; lastKnownFileType = sourcecode.c.h; path = QuerySortOption.h; sourceTree = "<group>"; };
		315B0B691AA86055004428BE /* QuerySortOption.m */ = {isa = PBXFileReference; fileEncoding = 4; lastKnownFileType = sourcecode.c.objc; path = QuerySortOption.m; sourceTree = "<group>"; };
		315B0B6B1AA863F6004428BE /* Secrets.plist */ = {isa = PBXFileReference; fileEncoding = 4; lastKnownFileType = text.plist.xml; path = Secrets.plist; sourceTree = "<group>"; };
		315B0B6D1AA86C73004428BE /* DBModel.h */ = {isa = PBXFileReference; fileEncoding = 4; lastKnownFileType = sourcecode.c.h; path = DBModel.h; sourceTree = "<group>"; };
		315B0B6E1AA86C73004428BE /* DBModel.m */ = {isa = PBXFileReference; fileEncoding = 4; lastKnownFileType = sourcecode.c.objc; path = DBModel.m; sourceTree = "<group>"; };
		315B0B701AA86C94004428BE /* User.h */ = {isa = PBXFileReference; fileEncoding = 4; lastKnownFileType = sourcecode.c.h; path = User.h; sourceTree = "<group>"; };
		315B0B711AA86C94004428BE /* User.m */ = {isa = PBXFileReference; fileEncoding = 4; lastKnownFileType = sourcecode.c.objc; path = User.m; sourceTree = "<group>"; };
		315B0B731AA86CA6004428BE /* Job.h */ = {isa = PBXFileReference; fileEncoding = 4; lastKnownFileType = sourcecode.c.h; path = Job.h; sourceTree = "<group>"; };
		315B0B741AA86CA6004428BE /* Job.m */ = {isa = PBXFileReference; fileEncoding = 4; lastKnownFileType = sourcecode.c.objc; path = Job.m; sourceTree = "<group>"; };
		315B0B781AA86CD4004428BE /* ConversationThread.h */ = {isa = PBXFileReference; fileEncoding = 4; lastKnownFileType = sourcecode.c.h; path = ConversationThread.h; sourceTree = "<group>"; };
		315B0B791AA86CD4004428BE /* ConversationThread.m */ = {isa = PBXFileReference; fileEncoding = 4; lastKnownFileType = sourcecode.c.objc; path = ConversationThread.m; sourceTree = "<group>"; };
		315B0B7B1AA86CE3004428BE /* Message.h */ = {isa = PBXFileReference; fileEncoding = 4; lastKnownFileType = sourcecode.c.h; path = Message.h; sourceTree = "<group>"; };
		315B0B7C1AA86CE3004428BE /* Message.m */ = {isa = PBXFileReference; fileEncoding = 4; lastKnownFileType = sourcecode.c.objc; path = Message.m; sourceTree = "<group>"; };
		315B0B7E1AA86CF8004428BE /* Asset.h */ = {isa = PBXFileReference; fileEncoding = 4; lastKnownFileType = sourcecode.c.h; path = Asset.h; sourceTree = "<group>"; };
		315B0B7F1AA86CF8004428BE /* Asset.m */ = {isa = PBXFileReference; fileEncoding = 4; lastKnownFileType = sourcecode.c.objc; path = Asset.m; sourceTree = "<group>"; };
		315B0B811AA87B51004428BE /* .gitignore */ = {isa = PBXFileReference; fileEncoding = 4; lastKnownFileType = text; path = .gitignore; sourceTree = "<group>"; };
		567E0AB81AA832E700C5C10B /* BridgeApp.app */ = {isa = PBXFileReference; explicitFileType = wrapper.application; includeInIndex = 0; path = BridgeApp.app; sourceTree = BUILT_PRODUCTS_DIR; };
		567E0ABC1AA832E700C5C10B /* Info.plist */ = {isa = PBXFileReference; lastKnownFileType = text.plist.xml; path = Info.plist; sourceTree = "<group>"; };
		567E0ABD1AA832E700C5C10B /* main.m */ = {isa = PBXFileReference; lastKnownFileType = sourcecode.c.objc; path = main.m; sourceTree = "<group>"; };
		567E0ABF1AA832E700C5C10B /* AppDelegate.h */ = {isa = PBXFileReference; lastKnownFileType = sourcecode.c.h; path = AppDelegate.h; sourceTree = "<group>"; };
		567E0AC01AA832E700C5C10B /* AppDelegate.m */ = {isa = PBXFileReference; lastKnownFileType = sourcecode.c.objc; path = AppDelegate.m; sourceTree = "<group>"; };
		567E0AC81AA832E700C5C10B /* Images.xcassets */ = {isa = PBXFileReference; lastKnownFileType = folder.assetcatalog; path = Images.xcassets; sourceTree = "<group>"; };
		567E0ACB1AA832E700C5C10B /* Base */ = {isa = PBXFileReference; lastKnownFileType = file.xib; name = Base; path = Base.lproj/LaunchScreen.xib; sourceTree = "<group>"; };
		567E0AD11AA832E700C5C10B /* BridgeAppTests.xctest */ = {isa = PBXFileReference; explicitFileType = wrapper.cfbundle; includeInIndex = 0; path = BridgeAppTests.xctest; sourceTree = BUILT_PRODUCTS_DIR; };
		567E0AD61AA832E700C5C10B /* Info.plist */ = {isa = PBXFileReference; lastKnownFileType = text.plist.xml; path = Info.plist; sourceTree = "<group>"; };
		567E0AD71AA832E700C5C10B /* BridgeAppTests.m */ = {isa = PBXFileReference; lastKnownFileType = sourcecode.c.objc; path = BridgeAppTests.m; sourceTree = "<group>"; };
		56C221901AA9925900E6B55A /* CategoryCell.h */ = {isa = PBXFileReference; fileEncoding = 4; lastKnownFileType = sourcecode.c.h; path = CategoryCell.h; sourceTree = "<group>"; };
		56C221911AA9925900E6B55A /* CategoryCell.m */ = {isa = PBXFileReference; fileEncoding = 4; lastKnownFileType = sourcecode.c.objc; path = CategoryCell.m; sourceTree = "<group>"; };
		56C221921AA9925900E6B55A /* CategoryCell.xib */ = {isa = PBXFileReference; fileEncoding = 4; lastKnownFileType = file.xib; path = CategoryCell.xib; sourceTree = "<group>"; };
		56C221931AA9925900E6B55A /* CreateJobScene1ViewController.h */ = {isa = PBXFileReference; fileEncoding = 4; lastKnownFileType = sourcecode.c.h; path = CreateJobScene1ViewController.h; sourceTree = "<group>"; };
		56C221941AA9925900E6B55A /* CreateJobScene1ViewController.m */ = {isa = PBXFileReference; fileEncoding = 4; lastKnownFileType = sourcecode.c.objc; path = CreateJobScene1ViewController.m; sourceTree = "<group>"; };
		56C221951AA9925900E6B55A /* CreateJobScene1ViewController.xib */ = {isa = PBXFileReference; fileEncoding = 4; lastKnownFileType = file.xib; path = CreateJobScene1ViewController.xib; sourceTree = "<group>"; };
		56C221961AA9925900E6B55A /* CreateJobScene2ViewController.h */ = {isa = PBXFileReference; fileEncoding = 4; lastKnownFileType = sourcecode.c.h; path = CreateJobScene2ViewController.h; sourceTree = "<group>"; };
		56C221971AA9925900E6B55A /* CreateJobScene2ViewController.m */ = {isa = PBXFileReference; fileEncoding = 4; lastKnownFileType = sourcecode.c.objc; path = CreateJobScene2ViewController.m; sourceTree = "<group>"; };
		56C221981AA9925900E6B55A /* CreateJobScene2ViewController.xib */ = {isa = PBXFileReference; fileEncoding = 4; lastKnownFileType = file.xib; path = CreateJobScene2ViewController.xib; sourceTree = "<group>"; };
		56C221991AA9925900E6B55A /* TextViewController.h */ = {isa = PBXFileReference; fileEncoding = 4; lastKnownFileType = sourcecode.c.h; path = TextViewController.h; sourceTree = "<group>"; };
		56C2219A1AA9925900E6B55A /* TextViewController.m */ = {isa = PBXFileReference; fileEncoding = 4; lastKnownFileType = sourcecode.c.objc; path = TextViewController.m; sourceTree = "<group>"; };
		56C2219B1AA9925900E6B55A /* TextViewController.xib */ = {isa = PBXFileReference; fileEncoding = 4; lastKnownFileType = file.xib; path = TextViewController.xib; sourceTree = "<group>"; };
		56C2219C1AA9925900E6B55A /* TitleSubtitleCell.h */ = {isa = PBXFileReference; fileEncoding = 4; lastKnownFileType = sourcecode.c.h; path = TitleSubtitleCell.h; sourceTree = "<group>"; };
		56C2219D1AA9925900E6B55A /* TitleSubtitleCell.m */ = {isa = PBXFileReference; fileEncoding = 4; lastKnownFileType = sourcecode.c.objc; path = TitleSubtitleCell.m; sourceTree = "<group>"; };
		56C2219E1AA9925900E6B55A /* TitleSubtitleCell.xib */ = {isa = PBXFileReference; fileEncoding = 4; lastKnownFileType = file.xib; path = TitleSubtitleCell.xib; sourceTree = "<group>"; };
/* End PBXFileReference section */

/* Begin PBXFrameworksBuildPhase section */
		567E0AB51AA832E700C5C10B /* Frameworks */ = {
			isa = PBXFrameworksBuildPhase;
			buildActionMask = 2147483647;
			files = (
				A8B5D6D690C660C75298EDAD /* libPods.a in Frameworks */,
			);
			runOnlyForDeploymentPostprocessing = 0;
		};
		567E0ACE1AA832E700C5C10B /* Frameworks */ = {
			isa = PBXFrameworksBuildPhase;
			buildActionMask = 2147483647;
			files = (
			);
			runOnlyForDeploymentPostprocessing = 0;
		};
/* End PBXFrameworksBuildPhase section */

/* Begin PBXGroup section */
		315B0B601AA85EBF004428BE /* DataAccess */ = {
			isa = PBXGroup;
			children = (
				315B0B621AA85F0F004428BE /* ParseClient.h */,
				315B0B631AA85F0F004428BE /* ParseClient.m */,
				315B0B651AA86047004428BE /* QueryFilter.h */,
				315B0B661AA86047004428BE /* QueryFilter.m */,
				315B0B681AA86055004428BE /* QuerySortOption.h */,
				315B0B691AA86055004428BE /* QuerySortOption.m */,
			);
			path = DataAccess;
			sourceTree = "<group>";
		};
		315B0B611AA85ED5004428BE /* Models */ = {
			isa = PBXGroup;
			children = (
				315B0B6D1AA86C73004428BE /* DBModel.h */,
				315B0B6E1AA86C73004428BE /* DBModel.m */,
				315B0B701AA86C94004428BE /* User.h */,
				315B0B711AA86C94004428BE /* User.m */,
				315B0B731AA86CA6004428BE /* Job.h */,
				315B0B741AA86CA6004428BE /* Job.m */,
				315B0B781AA86CD4004428BE /* ConversationThread.h */,
				315B0B791AA86CD4004428BE /* ConversationThread.m */,
				315B0B7B1AA86CE3004428BE /* Message.h */,
				315B0B7C1AA86CE3004428BE /* Message.m */,
				315B0B7E1AA86CF8004428BE /* Asset.h */,
				315B0B7F1AA86CF8004428BE /* Asset.m */,
			);
			path = Models;
			sourceTree = "<group>";
		};
		315B0B841AA87D3D004428BE /* Views */ = {
			isa = PBXGroup;
			children = (
			);
			path = Views;
			sourceTree = "<group>";
		};
		315B0B861AA87D89004428BE /* Assets */ = {
			isa = PBXGroup;
			children = (
			);
			path = Assets;
			sourceTree = "<group>";
		};
		567E0AAF1AA832E700C5C10B = {
			isa = PBXGroup;
			children = (
				315B0B811AA87B51004428BE /* .gitignore */,
				315B0B6B1AA863F6004428BE /* Secrets.plist */,
				567E0ABA1AA832E700C5C10B /* BridgeApp */,
				567E0AD41AA832E700C5C10B /* BridgeAppTests */,
				567E0AB91AA832E700C5C10B /* Products */,
				570BA0751BDB580F6CCE9040 /* Pods */,
				97B2B6AEEDA7FDF7C7DBED30 /* Frameworks */,
			);
			sourceTree = "<group>";
		};
		567E0AB91AA832E700C5C10B /* Products */ = {
			isa = PBXGroup;
			children = (
				567E0AB81AA832E700C5C10B /* BridgeApp.app */,
				567E0AD11AA832E700C5C10B /* BridgeAppTests.xctest */,
			);
			name = Products;
			sourceTree = "<group>";
		};
		567E0ABA1AA832E700C5C10B /* BridgeApp */ = {
			isa = PBXGroup;
			children = (
				56C221A91AA9926300E6B55A /* ViewControllers */,
				315B0B861AA87D89004428BE /* Assets */,
				315B0B601AA85EBF004428BE /* DataAccess */,
				315B0B611AA85ED5004428BE /* Models */,
				315B0B841AA87D3D004428BE /* Views */,
				567E0ABF1AA832E700C5C10B /* AppDelegate.h */,
				567E0AC01AA832E700C5C10B /* AppDelegate.m */,
				567E0AC81AA832E700C5C10B /* Images.xcassets */,
				567E0ACA1AA832E700C5C10B /* LaunchScreen.xib */,
				567E0ABB1AA832E700C5C10B /* Supporting Files */,
			);
			path = BridgeApp;
			sourceTree = "<group>";
		};
		567E0ABB1AA832E700C5C10B /* Supporting Files */ = {
			isa = PBXGroup;
			children = (
				567E0ABC1AA832E700C5C10B /* Info.plist */,
				567E0ABD1AA832E700C5C10B /* main.m */,
			);
			name = "Supporting Files";
			sourceTree = "<group>";
		};
		567E0AD41AA832E700C5C10B /* BridgeAppTests */ = {
			isa = PBXGroup;
			children = (
				567E0AD71AA832E700C5C10B /* BridgeAppTests.m */,
				567E0AD51AA832E700C5C10B /* Supporting Files */,
			);
			path = BridgeAppTests;
			sourceTree = "<group>";
		};
		567E0AD51AA832E700C5C10B /* Supporting Files */ = {
			isa = PBXGroup;
			children = (
				567E0AD61AA832E700C5C10B /* Info.plist */,
			);
			name = "Supporting Files";
			sourceTree = "<group>";
		};
		56C221A91AA9926300E6B55A /* ViewControllers */ = {
			isa = PBXGroup;
			children = (
				56C221901AA9925900E6B55A /* CategoryCell.h */,
				56C221911AA9925900E6B55A /* CategoryCell.m */,
				56C221921AA9925900E6B55A /* CategoryCell.xib */,
				56C221931AA9925900E6B55A /* CreateJobScene1ViewController.h */,
				56C221941AA9925900E6B55A /* CreateJobScene1ViewController.m */,
				56C221951AA9925900E6B55A /* CreateJobScene1ViewController.xib */,
				56C221961AA9925900E6B55A /* CreateJobScene2ViewController.h */,
				56C221971AA9925900E6B55A /* CreateJobScene2ViewController.m */,
				56C221981AA9925900E6B55A /* CreateJobScene2ViewController.xib */,
				56C221991AA9925900E6B55A /* TextViewController.h */,
				56C2219A1AA9925900E6B55A /* TextViewController.m */,
				56C2219B1AA9925900E6B55A /* TextViewController.xib */,
				56C2219C1AA9925900E6B55A /* TitleSubtitleCell.h */,
				56C2219D1AA9925900E6B55A /* TitleSubtitleCell.m */,
				56C2219E1AA9925900E6B55A /* TitleSubtitleCell.xib */,
			);
			name = ViewControllers;
			sourceTree = "<group>";
		};
		570BA0751BDB580F6CCE9040 /* Pods */ = {
			isa = PBXGroup;
			children = (
				049C0555B31B986263BA42D6 /* Pods.debug.xcconfig */,
				0785315DDCC97639B4E7DB26 /* Pods.release.xcconfig */,
			);
			name = Pods;
			sourceTree = "<group>";
		};
		97B2B6AEEDA7FDF7C7DBED30 /* Frameworks */ = {
			isa = PBXGroup;
			children = (
				2A3025BFD0A723ABB56918A9 /* libPods.a */,
			);
			name = Frameworks;
			sourceTree = "<group>";
		};
/* End PBXGroup section */

/* Begin PBXNativeTarget section */
		567E0AB71AA832E700C5C10B /* BridgeApp */ = {
			isa = PBXNativeTarget;
			buildConfigurationList = 567E0ADB1AA832E700C5C10B /* Build configuration list for PBXNativeTarget "BridgeApp" */;
			buildPhases = (
				2B6AB6395B9444F39FD4C5FD /* Check Pods Manifest.lock */,
				567E0AB41AA832E700C5C10B /* Sources */,
				567E0AB51AA832E700C5C10B /* Frameworks */,
				567E0AB61AA832E700C5C10B /* Resources */,
				57994DC719061C8C20FD18E1 /* Copy Pods Resources */,
			);
			buildRules = (
			);
			dependencies = (
			);
			name = BridgeApp;
			productName = BridgeApp;
			productReference = 567E0AB81AA832E700C5C10B /* BridgeApp.app */;
			productType = "com.apple.product-type.application";
		};
		567E0AD01AA832E700C5C10B /* BridgeAppTests */ = {
			isa = PBXNativeTarget;
			buildConfigurationList = 567E0ADE1AA832E700C5C10B /* Build configuration list for PBXNativeTarget "BridgeAppTests" */;
			buildPhases = (
				567E0ACD1AA832E700C5C10B /* Sources */,
				567E0ACE1AA832E700C5C10B /* Frameworks */,
				567E0ACF1AA832E700C5C10B /* Resources */,
			);
			buildRules = (
			);
			dependencies = (
				567E0AD31AA832E700C5C10B /* PBXTargetDependency */,
			);
			name = BridgeAppTests;
			productName = BridgeAppTests;
			productReference = 567E0AD11AA832E700C5C10B /* BridgeAppTests.xctest */;
			productType = "com.apple.product-type.bundle.unit-test";
		};
/* End PBXNativeTarget section */

/* Begin PBXProject section */
		567E0AB01AA832E700C5C10B /* Project object */ = {
			isa = PBXProject;
			attributes = {
				LastUpgradeCheck = 0610;
				ORGANIZATIONNAME = "Shrikar Archak";
				TargetAttributes = {
					567E0AB71AA832E700C5C10B = {
						CreatedOnToolsVersion = 6.1.1;
					};
					567E0AD01AA832E700C5C10B = {
						CreatedOnToolsVersion = 6.1.1;
						TestTargetID = 567E0AB71AA832E700C5C10B;
					};
				};
			};
			buildConfigurationList = 567E0AB31AA832E700C5C10B /* Build configuration list for PBXProject "BridgeApp" */;
			compatibilityVersion = "Xcode 3.2";
			developmentRegion = English;
			hasScannedForEncodings = 0;
			knownRegions = (
				en,
				Base,
			);
			mainGroup = 567E0AAF1AA832E700C5C10B;
			productRefGroup = 567E0AB91AA832E700C5C10B /* Products */;
			projectDirPath = "";
			projectRoot = "";
			targets = (
				567E0AB71AA832E700C5C10B /* BridgeApp */,
				567E0AD01AA832E700C5C10B /* BridgeAppTests */,
			);
		};
/* End PBXProject section */

/* Begin PBXResourcesBuildPhase section */
		567E0AB61AA832E700C5C10B /* Resources */ = {
			isa = PBXResourcesBuildPhase;
			buildActionMask = 2147483647;
			files = (
				56C221A61AA9925900E6B55A /* TextViewController.xib in Resources */,
				56C221A41AA9925900E6B55A /* CreateJobScene2ViewController.xib in Resources */,
				315B0B821AA87B51004428BE /* .gitignore in Resources */,
				56C221A01AA9925900E6B55A /* CategoryCell.xib in Resources */,
				315B0B6C1AA863F6004428BE /* Secrets.plist in Resources */,
				56C221A81AA9925900E6B55A /* TitleSubtitleCell.xib in Resources */,
				56C221A21AA9925900E6B55A /* CreateJobScene1ViewController.xib in Resources */,
				567E0ACC1AA832E700C5C10B /* LaunchScreen.xib in Resources */,
				567E0AC91AA832E700C5C10B /* Images.xcassets in Resources */,
			);
			runOnlyForDeploymentPostprocessing = 0;
		};
		567E0ACF1AA832E700C5C10B /* Resources */ = {
			isa = PBXResourcesBuildPhase;
			buildActionMask = 2147483647;
			files = (
			);
			runOnlyForDeploymentPostprocessing = 0;
		};
/* End PBXResourcesBuildPhase section */

/* Begin PBXShellScriptBuildPhase section */
		2B6AB6395B9444F39FD4C5FD /* Check Pods Manifest.lock */ = {
			isa = PBXShellScriptBuildPhase;
			buildActionMask = 2147483647;
			files = (
			);
			inputPaths = (
			);
			name = "Check Pods Manifest.lock";
			outputPaths = (
			);
			runOnlyForDeploymentPostprocessing = 0;
			shellPath = /bin/sh;
			shellScript = "diff \"${PODS_ROOT}/../Podfile.lock\" \"${PODS_ROOT}/Manifest.lock\" > /dev/null\nif [[ $? != 0 ]] ; then\n    cat << EOM\nerror: The sandbox is not in sync with the Podfile.lock. Run 'pod install' or update your CocoaPods installation.\nEOM\n    exit 1\nfi\n";
			showEnvVarsInLog = 0;
		};
		57994DC719061C8C20FD18E1 /* Copy Pods Resources */ = {
			isa = PBXShellScriptBuildPhase;
			buildActionMask = 2147483647;
			files = (
			);
			inputPaths = (
			);
			name = "Copy Pods Resources";
			outputPaths = (
			);
			runOnlyForDeploymentPostprocessing = 0;
			shellPath = /bin/sh;
			shellScript = "\"${SRCROOT}/Pods/Target Support Files/Pods/Pods-resources.sh\"\n";
			showEnvVarsInLog = 0;
		};
/* End PBXShellScriptBuildPhase section */

/* Begin PBXSourcesBuildPhase section */
		567E0AB41AA832E700C5C10B /* Sources */ = {
			isa = PBXSourcesBuildPhase;
			buildActionMask = 2147483647;
			files = (
				315B0B721AA86C94004428BE /* User.m in Sources */,
				315B0B671AA86047004428BE /* QueryFilter.m in Sources */,
				315B0B6A1AA86055004428BE /* QuerySortOption.m in Sources */,
				56C221A51AA9925900E6B55A /* TextViewController.m in Sources */,
				315B0B6F1AA86C73004428BE /* DBModel.m in Sources */,
				56C221A31AA9925900E6B55A /* CreateJobScene2ViewController.m in Sources */,
				56C2219F1AA9925900E6B55A /* CategoryCell.m in Sources */,
				567E0AC11AA832E700C5C10B /* AppDelegate.m in Sources */,
				315B0B801AA86CF8004428BE /* Asset.m in Sources */,
				315B0B751AA86CA6004428BE /* Job.m in Sources */,
				56C221A71AA9925900E6B55A /* TitleSubtitleCell.m in Sources */,
				315B0B641AA85F0F004428BE /* ParseClient.m in Sources */,
				315B0B7A1AA86CD4004428BE /* ConversationThread.m in Sources */,
				315B0B7D1AA86CE3004428BE /* Message.m in Sources */,
				567E0ABE1AA832E700C5C10B /* main.m in Sources */,
				56C221A11AA9925900E6B55A /* CreateJobScene1ViewController.m in Sources */,
			);
			runOnlyForDeploymentPostprocessing = 0;
		};
		567E0ACD1AA832E700C5C10B /* Sources */ = {
			isa = PBXSourcesBuildPhase;
			buildActionMask = 2147483647;
			files = (
				567E0AD81AA832E700C5C10B /* BridgeAppTests.m in Sources */,
			);
			runOnlyForDeploymentPostprocessing = 0;
		};
/* End PBXSourcesBuildPhase section */

/* Begin PBXTargetDependency section */
		567E0AD31AA832E700C5C10B /* PBXTargetDependency */ = {
			isa = PBXTargetDependency;
			target = 567E0AB71AA832E700C5C10B /* BridgeApp */;
			targetProxy = 567E0AD21AA832E700C5C10B /* PBXContainerItemProxy */;
		};
/* End PBXTargetDependency section */

/* Begin PBXVariantGroup section */
		567E0ACA1AA832E700C5C10B /* LaunchScreen.xib */ = {
			isa = PBXVariantGroup;
			children = (
				567E0ACB1AA832E700C5C10B /* Base */,
			);
			name = LaunchScreen.xib;
			sourceTree = "<group>";
		};
/* End PBXVariantGroup section */

/* Begin XCBuildConfiguration section */
		567E0AD91AA832E700C5C10B /* Debug */ = {
			isa = XCBuildConfiguration;
			buildSettings = {
				ALWAYS_SEARCH_USER_PATHS = NO;
				CLANG_CXX_LANGUAGE_STANDARD = "gnu++0x";
				CLANG_CXX_LIBRARY = "libc++";
				CLANG_ENABLE_MODULES = YES;
				CLANG_ENABLE_OBJC_ARC = YES;
				CLANG_WARN_BOOL_CONVERSION = YES;
				CLANG_WARN_CONSTANT_CONVERSION = YES;
				CLANG_WARN_DIRECT_OBJC_ISA_USAGE = YES_ERROR;
				CLANG_WARN_EMPTY_BODY = YES;
				CLANG_WARN_ENUM_CONVERSION = YES;
				CLANG_WARN_INT_CONVERSION = YES;
				CLANG_WARN_OBJC_ROOT_CLASS = YES_ERROR;
				CLANG_WARN_UNREACHABLE_CODE = YES;
				CLANG_WARN__DUPLICATE_METHOD_MATCH = YES;
				"CODE_SIGN_IDENTITY[sdk=iphoneos*]" = "iPhone Developer";
				COPY_PHASE_STRIP = NO;
				ENABLE_STRICT_OBJC_MSGSEND = YES;
				GCC_C_LANGUAGE_STANDARD = gnu99;
				GCC_DYNAMIC_NO_PIC = NO;
				GCC_OPTIMIZATION_LEVEL = 0;
				GCC_PREPROCESSOR_DEFINITIONS = (
					"DEBUG=1",
					"$(inherited)",
				);
				GCC_SYMBOLS_PRIVATE_EXTERN = NO;
				GCC_WARN_64_TO_32_BIT_CONVERSION = YES;
				GCC_WARN_ABOUT_RETURN_TYPE = YES_ERROR;
				GCC_WARN_UNDECLARED_SELECTOR = YES;
				GCC_WARN_UNINITIALIZED_AUTOS = YES_AGGRESSIVE;
				GCC_WARN_UNUSED_FUNCTION = YES;
				GCC_WARN_UNUSED_VARIABLE = YES;
				IPHONEOS_DEPLOYMENT_TARGET = 8.1;
				MTL_ENABLE_DEBUG_INFO = YES;
				ONLY_ACTIVE_ARCH = YES;
				SDKROOT = iphoneos;
			};
			name = Debug;
		};
		567E0ADA1AA832E700C5C10B /* Release */ = {
			isa = XCBuildConfiguration;
			buildSettings = {
				ALWAYS_SEARCH_USER_PATHS = NO;
				CLANG_CXX_LANGUAGE_STANDARD = "gnu++0x";
				CLANG_CXX_LIBRARY = "libc++";
				CLANG_ENABLE_MODULES = YES;
				CLANG_ENABLE_OBJC_ARC = YES;
				CLANG_WARN_BOOL_CONVERSION = YES;
				CLANG_WARN_CONSTANT_CONVERSION = YES;
				CLANG_WARN_DIRECT_OBJC_ISA_USAGE = YES_ERROR;
				CLANG_WARN_EMPTY_BODY = YES;
				CLANG_WARN_ENUM_CONVERSION = YES;
				CLANG_WARN_INT_CONVERSION = YES;
				CLANG_WARN_OBJC_ROOT_CLASS = YES_ERROR;
				CLANG_WARN_UNREACHABLE_CODE = YES;
				CLANG_WARN__DUPLICATE_METHOD_MATCH = YES;
				"CODE_SIGN_IDENTITY[sdk=iphoneos*]" = "iPhone Developer";
				COPY_PHASE_STRIP = YES;
				ENABLE_NS_ASSERTIONS = NO;
				ENABLE_STRICT_OBJC_MSGSEND = YES;
				GCC_C_LANGUAGE_STANDARD = gnu99;
				GCC_WARN_64_TO_32_BIT_CONVERSION = YES;
				GCC_WARN_ABOUT_RETURN_TYPE = YES_ERROR;
				GCC_WARN_UNDECLARED_SELECTOR = YES;
				GCC_WARN_UNINITIALIZED_AUTOS = YES_AGGRESSIVE;
				GCC_WARN_UNUSED_FUNCTION = YES;
				GCC_WARN_UNUSED_VARIABLE = YES;
				IPHONEOS_DEPLOYMENT_TARGET = 8.1;
				MTL_ENABLE_DEBUG_INFO = NO;
				SDKROOT = iphoneos;
				VALIDATE_PRODUCT = YES;
			};
			name = Release;
		};
		567E0ADC1AA832E700C5C10B /* Debug */ = {
			isa = XCBuildConfiguration;
			baseConfigurationReference = 049C0555B31B986263BA42D6 /* Pods.debug.xcconfig */;
			buildSettings = {
				ASSETCATALOG_COMPILER_APPICON_NAME = AppIcon;
				INFOPLIST_FILE = BridgeApp/Info.plist;
				LD_RUNPATH_SEARCH_PATHS = "$(inherited) @executable_path/Frameworks";
				PRODUCT_NAME = "$(TARGET_NAME)";
			};
			name = Debug;
		};
		567E0ADD1AA832E700C5C10B /* Release */ = {
			isa = XCBuildConfiguration;
			baseConfigurationReference = 0785315DDCC97639B4E7DB26 /* Pods.release.xcconfig */;
			buildSettings = {
				ASSETCATALOG_COMPILER_APPICON_NAME = AppIcon;
				INFOPLIST_FILE = BridgeApp/Info.plist;
				LD_RUNPATH_SEARCH_PATHS = "$(inherited) @executable_path/Frameworks";
				PRODUCT_NAME = "$(TARGET_NAME)";
			};
			name = Release;
		};
		567E0ADF1AA832E700C5C10B /* Debug */ = {
			isa = XCBuildConfiguration;
			buildSettings = {
				BUNDLE_LOADER = "$(TEST_HOST)";
				FRAMEWORK_SEARCH_PATHS = (
					"$(SDKROOT)/Developer/Library/Frameworks",
					"$(inherited)",
				);
				GCC_PREPROCESSOR_DEFINITIONS = (
					"DEBUG=1",
					"$(inherited)",
				);
				INFOPLIST_FILE = BridgeAppTests/Info.plist;
				LD_RUNPATH_SEARCH_PATHS = "$(inherited) @executable_path/Frameworks @loader_path/Frameworks";
				PRODUCT_NAME = "$(TARGET_NAME)";
				TEST_HOST = "$(BUILT_PRODUCTS_DIR)/BridgeApp.app/BridgeApp";
			};
			name = Debug;
		};
		567E0AE01AA832E700C5C10B /* Release */ = {
			isa = XCBuildConfiguration;
			buildSettings = {
				BUNDLE_LOADER = "$(TEST_HOST)";
				FRAMEWORK_SEARCH_PATHS = (
					"$(SDKROOT)/Developer/Library/Frameworks",
					"$(inherited)",
				);
				INFOPLIST_FILE = BridgeAppTests/Info.plist;
				LD_RUNPATH_SEARCH_PATHS = "$(inherited) @executable_path/Frameworks @loader_path/Frameworks";
				PRODUCT_NAME = "$(TARGET_NAME)";
				TEST_HOST = "$(BUILT_PRODUCTS_DIR)/BridgeApp.app/BridgeApp";
			};
			name = Release;
		};
/* End XCBuildConfiguration section */

/* Begin XCConfigurationList section */
		567E0AB31AA832E700C5C10B /* Build configuration list for PBXProject "BridgeApp" */ = {
			isa = XCConfigurationList;
			buildConfigurations = (
				567E0AD91AA832E700C5C10B /* Debug */,
				567E0ADA1AA832E700C5C10B /* Release */,
			);
			defaultConfigurationIsVisible = 0;
			defaultConfigurationName = Release;
		};
		567E0ADB1AA832E700C5C10B /* Build configuration list for PBXNativeTarget "BridgeApp" */ = {
			isa = XCConfigurationList;
			buildConfigurations = (
				567E0ADC1AA832E700C5C10B /* Debug */,
				567E0ADD1AA832E700C5C10B /* Release */,
			);
			defaultConfigurationIsVisible = 0;
			defaultConfigurationName = Release;
		};
		567E0ADE1AA832E700C5C10B /* Build configuration list for PBXNativeTarget "BridgeAppTests" */ = {
			isa = XCConfigurationList;
			buildConfigurations = (
				567E0ADF1AA832E700C5C10B /* Debug */,
				567E0AE01AA832E700C5C10B /* Release */,
			);
			defaultConfigurationIsVisible = 0;
			defaultConfigurationName = Release;
		};
/* End XCConfigurationList section */
	};
	rootObject = 567E0AB01AA832E700C5C10B /* Project object */;
}
